# This file is automatically @generated by Poetry 1.8.3 and should not be changed by hand.

[[package]]
name = "py-datastruct"
version = "1.0.0"
description = "Combination of struct and dataclasses for easy parsing of binary formats"
optional = false
python-versions = ">=3.7,<4.0"
files = [
    {file = "py_datastruct-1.0.0-py3-none-any.whl", hash = "sha256:4fb426956da3758f174054266cb100fb4d43907cf741b9890800aba4d6de8498"},
    {file = "py_datastruct-1.0.0.tar.gz", hash = "sha256:b606e6c2b83e8bb463ab42c375d01ff457cc2552b4326cd74897e7f3b96f1b6b"},
]

[metadata]
lock-version = "2.0"
python-versions = "^3.11"
content-hash = "6336b8e0c7344ca0e099afd2c5536bb1291ae5d7356f39ffc5a2ea48d8a5c712"
